
Microsoft Visual Studio Solution File, Format Version 12.00
# Visual Studio Version 17
VisualStudioVersion = 17.9.34723.18
MinimumVisualStudioVersion = 10.0.40219.1
Project("{9A19103F-16F7-4668-BE54-9A1E7A4F7556}") = "ConsoleRunnerLib", "ConsoleRunnerLib\ConsoleRunnerLib.csproj", "{AC6BD565-35E9-4A47-9723-12291D491CA3}"
EndProject
Project("{FAE04EC0-301F-11D3-BF4B-00C04F79EFBC}") = "ConsoleRunnerApp", "ConsoleRunnerApp\ConsoleRunnerApp.csproj", "{4662D245-38E7-4D41-B41D-77CE8A8DFC86}"
EndProject
Global
	GlobalSection(SolutionConfigurationPlatforms) = preSolution
		Debug|Any CPU = Debug|Any CPU
		Release|Any CPU = Release|Any CPU
	EndGlobalSection
	GlobalSection(ProjectConfigurationPlatforms) = postSolution
		{AC6BD565-35E9-4A47-9723-12291D491CA3}.Debug|Any CPU.ActiveCfg = Debug|Any CPU
		{AC6BD565-35E9-4A47-9723-12291D491CA3}.Debug|Any CPU.Build.0 = Debug|Any CPU
		{AC6BD565-35E9-4A47-9723-12291D491CA3}.Release|Any CPU.ActiveCfg = Release|Any CPU
		{AC6BD565-35E9-4A47-9723-12291D491CA3}.Release|Any CPU.Build.0 = Release|Any CPU
		{4662D245-38E7-4D41-B41D-77CE8A8DFC86}.Debug|Any CPU.ActiveCfg = Debug|Any CPU
		{4662D245-38E7-4D41-B41D-77CE8A8DFC86}.Debug|Any CPU.Build.0 = Debug|Any CPU
		{4662D245-38E7-4D41-B41D-77CE8A8DFC86}.Release|Any CPU.ActiveCfg = Release|Any CPU
		{4662D245-38E7-4D41-B41D-77CE8A8DFC86}.Release|Any CPU.Build.0 = Release|Any CPU
	EndGlobalSection
	GlobalSection(SolutionProperties) = preSolution
		HideSolutionNode = FALSE
	EndGlobalSection
	GlobalSection(ExtensibilityGlobals) = postSolution
		SolutionGuid = {FEF87257-8F02-4C11-8A32-ABB8E5886DE2}
	EndGlobalSection
EndGlobal
